
Microsoft Visual Studio Solution File, Format Version 12.00
# Visual Studio Version 16
VisualStudioVersion = 16.0.30406.217
MinimumVisualStudioVersion = 10.0.40219.1
Project("{2150E333-8FDC-42A3-9474-1A3956D46DE8}") = "Microservices", "Microservices", "{9E00A41B-B86B-4EF1-A69B-59A5C986B81F}"
EndProject
Project("{2150E333-8FDC-42A3-9474-1A3956D46DE8}") = "Domain", "Domain", "{B287E938-FFA4-4F24-A02A-2D6D6B805E0E}"
EndProject
Project("{2150E333-8FDC-42A3-9474-1A3956D46DE8}") = "Infra.Bus", "Infra.Bus", "{AD554FE0-F732-44C1-A9FF-E25604D98FEC}"
EndProject
Project("{2150E333-8FDC-42A3-9474-1A3956D46DE8}") = "Infra.IoC", "Infra.IoC", "{E45C3271-4529-42C2-8DB1-A0C323995A0A}"
EndProject
Project("{2150E333-8FDC-42A3-9474-1A3956D46DE8}") = "Presentation", "Presentation", "{B53FFB13-E1F1-4999-8CE7-8B9FAFAD22DD}"
EndProject
Project("{9A19103F-16F7-4668-BE54-9A1E7A4F7556}") = "MicroRabbit.Domain.Core", "MicroRabbit.Domain.Core\MicroRabbit.Domain.Core.csproj", "{567E52B9-E02C-42D4-87B8-B901B670E363}"
EndProject
Project("{9A19103F-16F7-4668-BE54-9A1E7A4F7556}") = "MicroRabbit.Infra.Bus", "MicroRabbit.Infra.Bus\MicroRabbit.Infra.Bus.csproj", "{98557714-918A-431D-97D2-856A6948BB25}"
EndProject
Project("{9A19103F-16F7-4668-BE54-9A1E7A4F7556}") = "MicroRabbit.Infra.IoC", "MicroRabbit.Infra.IoC\MicroRabbit.Infra.IoC.csproj", "{00A7FBF5-19CD-42A3-ACD1-8824BCBD0169}"
EndProject
Project("{2150E333-8FDC-42A3-9474-1A3956D46DE8}") = "Banking", "Banking", "{4AB41FB4-23ED-44B6-BD26-FEBF54668EB0}"
EndProject
Project("{2150E333-8FDC-42A3-9474-1A3956D46DE8}") = "Api", "Api", "{068959CB-22A3-42D2-A2DC-F0E5823FEE3C}"
EndProject
Project("{2150E333-8FDC-42A3-9474-1A3956D46DE8}") = "Domain", "Domain", "{9F1A8B10-F8D8-44A1-A51A-BCC5037ECFEF}"
EndProject
Project("{2150E333-8FDC-42A3-9474-1A3956D46DE8}") = "Application", "Application", "{079B1CF3-CE0D-44D2-AE9D-7713D11CD157}"
EndProject
Project("{2150E333-8FDC-42A3-9474-1A3956D46DE8}") = "Data", "Data", "{8E7EEF7C-170A-4331-9EDB-819DBD296C78}"
EndProject
Project("{9A19103F-16F7-4668-BE54-9A1E7A4F7556}") = "MicroRabbit.Banking.Api", "MicroRabbit.Banking.Api\MicroRabbit.Banking.Api.csproj", "{4DC62093-FC19-4756-BF13-401C7C72106F}"
EndProject
Project("{9A19103F-16F7-4668-BE54-9A1E7A4F7556}") = "MicroRabbit.Banking.Application", "MicroRabbit.Banking.Application\MicroRabbit.Banking.Application.csproj", "{BD9CF7C9-EE4A-40E8-AB9D-8FD5652A7C0B}"
EndProject
Project("{9A19103F-16F7-4668-BE54-9A1E7A4F7556}") = "MicroRabbit.Banking.Data", "MicroRabbit.Banking.Data\MicroRabbit.Banking.Data.csproj", "{EE3EA939-67C5-4288-B8F2-4C16CFEB59EC}"
EndProject
Project("{9A19103F-16F7-4668-BE54-9A1E7A4F7556}") = "MicroRabbit.Banking.Domain", "MicroRabbit.Banking.Domain\MicroRabbit.Banking.Domain.csproj", "{F8DFD70C-1EE0-4635-B0AB-F70C3AEB0270}"
EndProject
Project("{2150E333-8FDC-42A3-9474-1A3956D46DE8}") = "Transfer", "Transfer", "{92348135-65D7-49C8-9D7B-EB2D496D35E7}"
EndProject
Project("{2150E333-8FDC-42A3-9474-1A3956D46DE8}") = "Api", "Api", "{068A9B67-61CF-4A32-99A3-F8CAD559FA2F}"
EndProject
Project("{2150E333-8FDC-42A3-9474-1A3956D46DE8}") = "Application", "Application", "{5F6E6B09-2803-44BB-87EB-88F668716942}"
EndProject
Project("{2150E333-8FDC-42A3-9474-1A3956D46DE8}") = "Data", "Data", "{17A9B87D-EDEC-40BC-A54C-AE40C757B7B4}"
EndProject
Project("{2150E333-8FDC-42A3-9474-1A3956D46DE8}") = "Domain", "Domain", "{2A1F4A75-B146-4223-99A4-DE1353A712AA}"
EndProject
Project("{9A19103F-16F7-4668-BE54-9A1E7A4F7556}") = "MicroRabbit.Transfer.Api", "MicroRabbit.Transfer.Api\MicroRabbit.Transfer.Api.csproj", "{8DB97464-C09B-4642-90E4-7F736F641C9A}"
EndProject
Project("{9A19103F-16F7-4668-BE54-9A1E7A4F7556}") = "MicroRabbit.Transfer.Application", "MicroRabbit.Transfer.Application\MicroRabbit.Transfer.Application.csproj", "{04B102F1-4634-4DFE-8B1A-9A2A72726213}"
EndProject
Project("{9A19103F-16F7-4668-BE54-9A1E7A4F7556}") = "MicroRabbit.Transfer.Data", "MicroRabbit.Transfer.Data\MicroRabbit.Transfer.Data.csproj", "{E9DD3944-D7C7-4BC7-AE93-1756A9CE07B3}"
EndProject
Project("{9A19103F-16F7-4668-BE54-9A1E7A4F7556}") = "MicroRabbit.Transfer.Domain", "MicroRabbit.Transfer.Domain\MicroRabbit.Transfer.Domain.csproj", "{DD0FB70D-337A-4B75-BC88-F32BE2523AB3}"
EndProject
Project("{FAE04EC0-301F-11D3-BF4B-00C04F79EFBC}") = "MicroRabbit.MVC", "MicroRabbit.MVC\MicroRabbit.MVC.csproj", "{2810A88A-C727-41DE-BB95-E1E4C3E66A28}"
EndProject
Global
	GlobalSection(SolutionConfigurationPlatforms) = preSolution
		Debug|Any CPU = Debug|Any CPU
		Release|Any CPU = Release|Any CPU
	EndGlobalSection
	GlobalSection(ProjectConfigurationPlatforms) = postSolution
		{567E52B9-E02C-42D4-87B8-B901B670E363}.Debug|Any CPU.ActiveCfg = Debug|Any CPU
		{567E52B9-E02C-42D4-87B8-B901B670E363}.Debug|Any CPU.Build.0 = Debug|Any CPU
		{567E52B9-E02C-42D4-87B8-B901B670E363}.Release|Any CPU.ActiveCfg = Release|Any CPU
		{567E52B9-E02C-42D4-87B8-B901B670E363}.Release|Any CPU.Build.0 = Release|Any CPU
		{98557714-918A-431D-97D2-856A6948BB25}.Debug|Any CPU.ActiveCfg = Debug|Any CPU
		{98557714-918A-431D-97D2-856A6948BB25}.Debug|Any CPU.Build.0 = Debug|Any CPU
		{98557714-918A-431D-97D2-856A6948BB25}.Release|Any CPU.ActiveCfg = Release|Any CPU
		{98557714-918A-431D-97D2-856A6948BB25}.Release|Any CPU.Build.0 = Release|Any CPU
		{00A7FBF5-19CD-42A3-ACD1-8824BCBD0169}.Debug|Any CPU.ActiveCfg = Debug|Any CPU
		{00A7FBF5-19CD-42A3-ACD1-8824BCBD0169}.Debug|Any CPU.Build.0 = Debug|Any CPU
		{00A7FBF5-19CD-42A3-ACD1-8824BCBD0169}.Release|Any CPU.ActiveCfg = Release|Any CPU
		{00A7FBF5-19CD-42A3-ACD1-8824BCBD0169}.Release|Any CPU.Build.0 = Release|Any CPU
		{4DC62093-FC19-4756-BF13-401C7C72106F}.Debug|Any CPU.ActiveCfg = Debug|Any CPU
		{4DC62093-FC19-4756-BF13-401C7C72106F}.Debug|Any CPU.Build.0 = Debug|Any CPU
		{4DC62093-FC19-4756-BF13-401C7C72106F}.Release|Any CPU.ActiveCfg = Release|Any CPU
		{4DC62093-FC19-4756-BF13-401C7C72106F}.Release|Any CPU.Build.0 = Release|Any CPU
		{BD9CF7C9-EE4A-40E8-AB9D-8FD5652A7C0B}.Debug|Any CPU.ActiveCfg = Debug|Any CPU
		{BD9CF7C9-EE4A-40E8-AB9D-8FD5652A7C0B}.Debug|Any CPU.Build.0 = Debug|Any CPU
		{BD9CF7C9-EE4A-40E8-AB9D-8FD5652A7C0B}.Release|Any CPU.ActiveCfg = Release|Any CPU
		{BD9CF7C9-EE4A-40E8-AB9D-8FD5652A7C0B}.Release|Any CPU.Build.0 = Release|Any CPU
		{EE3EA939-67C5-4288-B8F2-4C16CFEB59EC}.Debug|Any CPU.ActiveCfg = Debug|Any CPU
		{EE3EA939-67C5-4288-B8F2-4C16CFEB59EC}.Debug|Any CPU.Build.0 = Debug|Any CPU
		{EE3EA939-67C5-4288-B8F2-4C16CFEB59EC}.Release|Any CPU.ActiveCfg = Release|Any CPU
		{EE3EA939-67C5-4288-B8F2-4C16CFEB59EC}.Release|Any CPU.Build.0 = Release|Any CPU
		{F8DFD70C-1EE0-4635-B0AB-F70C3AEB0270}.Debug|Any CPU.ActiveCfg = Debug|Any CPU
		{F8DFD70C-1EE0-4635-B0AB-F70C3AEB0270}.Debug|Any CPU.Build.0 = Debug|Any CPU
		{F8DFD70C-1EE0-4635-B0AB-F70C3AEB0270}.Release|Any CPU.ActiveCfg = Release|Any CPU
		{F8DFD70C-1EE0-4635-B0AB-F70C3AEB0270}.Release|Any CPU.Build.0 = Release|Any CPU
		{8DB97464-C09B-4642-90E4-7F736F641C9A}.Debug|Any CPU.ActiveCfg = Debug|Any CPU
		{8DB97464-C09B-4642-90E4-7F736F641C9A}.Debug|Any CPU.Build.0 = Debug|Any CPU
		{8DB97464-C09B-4642-90E4-7F736F641C9A}.Release|Any CPU.ActiveCfg = Release|Any CPU
		{8DB97464-C09B-4642-90E4-7F736F641C9A}.Release|Any CPU.Build.0 = Release|Any CPU
		{04B102F1-4634-4DFE-8B1A-9A2A72726213}.Debug|Any CPU.ActiveCfg = Debug|Any CPU
		{04B102F1-4634-4DFE-8B1A-9A2A72726213}.Debug|Any CPU.Build.0 = Debug|Any CPU
		{04B102F1-4634-4DFE-8B1A-9A2A72726213}.Release|Any CPU.ActiveCfg = Release|Any CPU
		{04B102F1-4634-4DFE-8B1A-9A2A72726213}.Release|Any CPU.Build.0 = Release|Any CPU
		{E9DD3944-D7C7-4BC7-AE93-1756A9CE07B3}.Debug|Any CPU.ActiveCfg = Debug|Any CPU
		{E9DD3944-D7C7-4BC7-AE93-1756A9CE07B3}.Debug|Any CPU.Build.0 = Debug|Any CPU
		{E9DD3944-D7C7-4BC7-AE93-1756A9CE07B3}.Release|Any CPU.ActiveCfg = Release|Any CPU
		{E9DD3944-D7C7-4BC7-AE93-1756A9CE07B3}.Release|Any CPU.Build.0 = Release|Any CPU
		{DD0FB70D-337A-4B75-BC88-F32BE2523AB3}.Debug|Any CPU.ActiveCfg = Debug|Any CPU
		{DD0FB70D-337A-4B75-BC88-F32BE2523AB3}.Debug|Any CPU.Build.0 = Debug|Any CPU
		{DD0FB70D-337A-4B75-BC88-F32BE2523AB3}.Release|Any CPU.ActiveCfg = Release|Any CPU
		{DD0FB70D-337A-4B75-BC88-F32BE2523AB3}.Release|Any CPU.Build.0 = Release|Any CPU
		{2810A88A-C727-41DE-BB95-E1E4C3E66A28}.Debug|Any CPU.ActiveCfg = Debug|Any CPU
		{2810A88A-C727-41DE-BB95-E1E4C3E66A28}.Debug|Any CPU.Build.0 = Debug|Any CPU
		{2810A88A-C727-41DE-BB95-E1E4C3E66A28}.Release|Any CPU.ActiveCfg = Release|Any CPU
		{2810A88A-C727-41DE-BB95-E1E4C3E66A28}.Release|Any CPU.Build.0 = Release|Any CPU
	EndGlobalSection
	GlobalSection(SolutionProperties) = preSolution
		HideSolutionNode = FALSE
	EndGlobalSection
	GlobalSection(NestedProjects) = preSolution
		{567E52B9-E02C-42D4-87B8-B901B670E363} = {B287E938-FFA4-4F24-A02A-2D6D6B805E0E}
		{98557714-918A-431D-97D2-856A6948BB25} = {AD554FE0-F732-44C1-A9FF-E25604D98FEC}
		{00A7FBF5-19CD-42A3-ACD1-8824BCBD0169} = {E45C3271-4529-42C2-8DB1-A0C323995A0A}
		{4AB41FB4-23ED-44B6-BD26-FEBF54668EB0} = {9E00A41B-B86B-4EF1-A69B-59A5C986B81F}
		{068959CB-22A3-42D2-A2DC-F0E5823FEE3C} = {4AB41FB4-23ED-44B6-BD26-FEBF54668EB0}
		{9F1A8B10-F8D8-44A1-A51A-BCC5037ECFEF} = {4AB41FB4-23ED-44B6-BD26-FEBF54668EB0}
		{079B1CF3-CE0D-44D2-AE9D-7713D11CD157} = {4AB41FB4-23ED-44B6-BD26-FEBF54668EB0}
		{8E7EEF7C-170A-4331-9EDB-819DBD296C78} = {4AB41FB4-23ED-44B6-BD26-FEBF54668EB0}
		{4DC62093-FC19-4756-BF13-401C7C72106F} = {068959CB-22A3-42D2-A2DC-F0E5823FEE3C}
		{BD9CF7C9-EE4A-40E8-AB9D-8FD5652A7C0B} = {079B1CF3-CE0D-44D2-AE9D-7713D11CD157}
		{EE3EA939-67C5-4288-B8F2-4C16CFEB59EC} = {8E7EEF7C-170A-4331-9EDB-819DBD296C78}
		{F8DFD70C-1EE0-4635-B0AB-F70C3AEB0270} = {9F1A8B10-F8D8-44A1-A51A-BCC5037ECFEF}
		{92348135-65D7-49C8-9D7B-EB2D496D35E7} = {9E00A41B-B86B-4EF1-A69B-59A5C986B81F}
		{068A9B67-61CF-4A32-99A3-F8CAD559FA2F} = {92348135-65D7-49C8-9D7B-EB2D496D35E7}
		{5F6E6B09-2803-44BB-87EB-88F668716942} = {92348135-65D7-49C8-9D7B-EB2D496D35E7}
		{17A9B87D-EDEC-40BC-A54C-AE40C757B7B4} = {92348135-65D7-49C8-9D7B-EB2D496D35E7}
		{2A1F4A75-B146-4223-99A4-DE1353A712AA} = {92348135-65D7-49C8-9D7B-EB2D496D35E7}
		{8DB97464-C09B-4642-90E4-7F736F641C9A} = {068A9B67-61CF-4A32-99A3-F8CAD559FA2F}
		{04B102F1-4634-4DFE-8B1A-9A2A72726213} = {5F6E6B09-2803-44BB-87EB-88F668716942}
		{E9DD3944-D7C7-4BC7-AE93-1756A9CE07B3} = {17A9B87D-EDEC-40BC-A54C-AE40C757B7B4}
		{DD0FB70D-337A-4B75-BC88-F32BE2523AB3} = {2A1F4A75-B146-4223-99A4-DE1353A712AA}
		{2810A88A-C727-41DE-BB95-E1E4C3E66A28} = {B53FFB13-E1F1-4999-8CE7-8B9FAFAD22DD}
	EndGlobalSection
	GlobalSection(ExtensibilityGlobals) = postSolution
		SolutionGuid = {991F6BA2-F9FE-4036-BEEA-0B0CC3EF043A}
	EndGlobalSection
EndGlobal
